
Microsoft Visual Studio Solution File, Format Version 12.00
# Visual Studio Version 16
VisualStudioVersion = 16.0.32228.343
MinimumVisualStudioVersion = 10.0.40219.1
Project("{888888A0-9F3D-457C-B088-3A5042F75D52}") = "SGTA-Lan-Osagarria", "SGTA-Lan-Osagarria\SGTA-Lan-Osagarria.pyproj", "{12DA72A7-34A3-4961-875B-BF23C38D907E}"
EndProject
Global
	GlobalSection(SolutionConfigurationPlatforms) = preSolution
		Debug|Any CPU = Debug|Any CPU
		Release|Any CPU = Release|Any CPU
	EndGlobalSection
	GlobalSection(ProjectConfigurationPlatforms) = postSolution
		{12DA72A7-34A3-4961-875B-BF23C38D907E}.Debug|Any CPU.ActiveCfg = Debug|Any CPU
		{12DA72A7-34A3-4961-875B-BF23C38D907E}.Debug|Any CPU.Build.0 = Debug|Any CPU
		{12DA72A7-34A3-4961-875B-BF23C38D907E}.Release|Any CPU.ActiveCfg = Release|Any CPU
		{12DA72A7-34A3-4961-875B-BF23C38D907E}.Release|Any CPU.Build.0 = Release|Any CPU
	EndGlobalSection
	GlobalSection(SolutionProperties) = preSolution
		HideSolutionNode = FALSE
	EndGlobalSection
	GlobalSection(ExtensibilityGlobals) = postSolution
		SolutionGuid = {34408CAA-7426-48C8-B317-3E5099D7F0CC}
	EndGlobalSection
EndGlobal
